
Microsoft Visual Studio Solution File, Format Version 12.00
# Visual Studio Version 17
VisualStudioVersion = 17.14.36623.8 d17.14
MinimumVisualStudioVersion = 10.0.40219.1
Project("{FAE04EC0-301F-11D3-BF4B-00C04F79EFBC}") = "BullCommander", "src\BullCommander\BullCommander.csproj", "{2DA13CCD-0152-DA79-63D9-D1817BA784C2}"
EndProject
Project("{FAE04EC0-301F-11D3-BF4B-00C04F79EFBC}") = "BullCommanderLibary", "src\BullCommanderLibary\BullCommanderLibary.csproj", "{5DF6DCD6-1E31-4EEB-9518-98D4268327F1}"
EndProject
Project("{FAE04EC0-301F-11D3-BF4B-00C04F79EFBC}") = "BullCommander.Tests", "src\BullCommanderTests\BullCommander.Tests.csproj", "{608F405D-B52F-4127-A6FB-B05CE1376EC4}"
EndProject
Global
	GlobalSection(SolutionConfigurationPlatforms) = preSolution
		Debug|Any CPU = Debug|Any CPU
		Release|Any CPU = Release|Any CPU
	EndGlobalSection
	GlobalSection(ProjectConfigurationPlatforms) = postSolution
		{2DA13CCD-0152-DA79-63D9-D1817BA784C2}.Debug|Any CPU.ActiveCfg = Debug|Any CPU
		{2DA13CCD-0152-DA79-63D9-D1817BA784C2}.Debug|Any CPU.Build.0 = Debug|Any CPU
		{2DA13CCD-0152-DA79-63D9-D1817BA784C2}.Release|Any CPU.ActiveCfg = Release|Any CPU
		{2DA13CCD-0152-DA79-63D9-D1817BA784C2}.Release|Any CPU.Build.0 = Release|Any CPU
		{5DF6DCD6-1E31-4EEB-9518-98D4268327F1}.Debug|Any CPU.ActiveCfg = Debug|Any CPU
		{5DF6DCD6-1E31-4EEB-9518-98D4268327F1}.Debug|Any CPU.Build.0 = Debug|Any CPU
		{5DF6DCD6-1E31-4EEB-9518-98D4268327F1}.Release|Any CPU.ActiveCfg = Release|Any CPU
		{5DF6DCD6-1E31-4EEB-9518-98D4268327F1}.Release|Any CPU.Build.0 = Release|Any CPU
		{608F405D-B52F-4127-A6FB-B05CE1376EC4}.Debug|Any CPU.ActiveCfg = Debug|Any CPU
		{608F405D-B52F-4127-A6FB-B05CE1376EC4}.Debug|Any CPU.Build.0 = Debug|Any CPU
		{608F405D-B52F-4127-A6FB-B05CE1376EC4}.Release|Any CPU.ActiveCfg = Release|Any CPU
		{608F405D-B52F-4127-A6FB-B05CE1376EC4}.Release|Any CPU.Build.0 = Release|Any CPU
	EndGlobalSection
	GlobalSection(SolutionProperties) = preSolution
		HideSolutionNode = FALSE
	EndGlobalSection
	GlobalSection(ExtensibilityGlobals) = postSolution
		SolutionGuid = {16C48130-8A28-4172-AE71-28AC997FECB6}
	EndGlobalSection
EndGlobal
